
Microsoft Visual Studio Solution File, Format Version 11.00
# Visual Studio 2010
Project("{FAE04EC0-301F-11D3-BF4B-00C04F79EFBC}") = "Obi", "Obi.csproj", "{d5c72137-cf1f-5fce-2515-4b0b7aed1464}"
EndProject
Project("{FAE04EC0-301F-11D3-BF4B-00C04F79EFBC}") = "Assembly-CSharp", "Assembly-CSharp.csproj", "{3f591ca8-d841-d9bf-c54a-e4b379dbc1b9}"
EndProject
Project("{FAE04EC0-301F-11D3-BF4B-00C04F79EFBC}") = "Obi.Editor", "Obi.Editor.csproj", "{d1db4132-93a4-183d-2807-265ad67456f9}"
EndProject
Project("{FAE04EC0-301F-11D3-BF4B-00C04F79EFBC}") = "Assembly-CSharp-Editor", "Assembly-CSharp-Editor.csproj", "{a5665dac-07c9-6e73-fd2f-569249ceb93d}"
EndProject
Global
	GlobalSection(SolutionConfigurationPlatforms) = preSolution
		Debug|Any CPU = Debug|Any CPU
	EndGlobalSection
	GlobalSection(ProjectConfigurationPlatforms) = postSolution
		{d5c72137-cf1f-5fce-2515-4b0b7aed1464}.Debug|Any CPU.ActiveCfg = Debug|Any CPU
		{d5c72137-cf1f-5fce-2515-4b0b7aed1464}.Debug|Any CPU.Build.0 = Debug|Any CPU
		{3f591ca8-d841-d9bf-c54a-e4b379dbc1b9}.Debug|Any CPU.ActiveCfg = Debug|Any CPU
		{3f591ca8-d841-d9bf-c54a-e4b379dbc1b9}.Debug|Any CPU.Build.0 = Debug|Any CPU
		{d1db4132-93a4-183d-2807-265ad67456f9}.Debug|Any CPU.ActiveCfg = Debug|Any CPU
		{d1db4132-93a4-183d-2807-265ad67456f9}.Debug|Any CPU.Build.0 = Debug|Any CPU
		{a5665dac-07c9-6e73-fd2f-569249ceb93d}.Debug|Any CPU.ActiveCfg = Debug|Any CPU
		{a5665dac-07c9-6e73-fd2f-569249ceb93d}.Debug|Any CPU.Build.0 = Debug|Any CPU
	EndGlobalSection
	GlobalSection(SolutionProperties) = preSolution
		HideSolutionNode = FALSE
	EndGlobalSection
EndGlobal
